
Microsoft Visual Studio Solution File, Format Version 12.00
# Visual Studio 2017
Project("{FAE04EC0-301F-11D3-BF4B-00C04F79EFBC}") = "Extremo_Project", "Extremo_Project.csproj", "{2C1AF6E6-BC0E-5473-6152-BD9E29CFD7E4}"
EndProject
Global
	GlobalSection(SolutionConfigurationPlatforms) = preSolution
		Debug|Any CPU = Debug|Any CPU
		Release|Any CPU = Release|Any CPU
	EndGlobalSection
	GlobalSection(ProjectConfigurationPlatforms) = postSolution
		{2C1AF6E6-BC0E-5473-6152-BD9E29CFD7E4}.Debug|Any CPU.ActiveCfg = Debug|Any CPU
		{2C1AF6E6-BC0E-5473-6152-BD9E29CFD7E4}.Debug|Any CPU.Build.0 = Debug|Any CPU
		{2C1AF6E6-BC0E-5473-6152-BD9E29CFD7E4}.Release|Any CPU.ActiveCfg = Release|Any CPU
		{2C1AF6E6-BC0E-5473-6152-BD9E29CFD7E4}.Release|Any CPU.Build.0 = Release|Any CPU
	EndGlobalSection
	GlobalSection(SolutionProperties) = preSolution
		HideSolutionNode = FALSE
	EndGlobalSection
EndGlobal
